
Microsoft Visual Studio Solution File, Format Version 12.00
# Visual Studio Version 17
VisualStudioVersion = 17.1.32210.238
MinimumVisualStudioVersion = 10.0.40219.1
Project("{9A19103F-16F7-4668-BE54-9A1E7A4F7556}") = "ProEventos.API", "ProEventos.API.csproj", "{6FF8A5B2-0F48-4BF2-B92A-0C73694A8ABF}"
EndProject
Global
	GlobalSection(SolutionConfigurationPlatforms) = preSolution
		Debug|Any CPU = Debug|Any CPU
		Release|Any CPU = Release|Any CPU
	EndGlobalSection
	GlobalSection(ProjectConfigurationPlatforms) = postSolution
		{6FF8A5B2-0F48-4BF2-B92A-0C73694A8ABF}.Debug|Any CPU.ActiveCfg = Debug|Any CPU
		{6FF8A5B2-0F48-4BF2-B92A-0C73694A8ABF}.Debug|Any CPU.Build.0 = Debug|Any CPU
		{6FF8A5B2-0F48-4BF2-B92A-0C73694A8ABF}.Release|Any CPU.ActiveCfg = Release|Any CPU
		{6FF8A5B2-0F48-4BF2-B92A-0C73694A8ABF}.Release|Any CPU.Build.0 = Release|Any CPU
	EndGlobalSection
	GlobalSection(SolutionProperties) = preSolution
		HideSolutionNode = FALSE
	EndGlobalSection
	GlobalSection(ExtensibilityGlobals) = postSolution
		SolutionGuid = {DC5C3731-EE89-418C-97A3-8E7DF7CF8B84}
	EndGlobalSection
EndGlobal
